
Microsoft Visual Studio Solution File, Format Version 12.00
# Visual Studio Version 17
VisualStudioVersion = 17.10.35122.118
MinimumVisualStudioVersion = 10.0.40219.1
Project("{FAE04EC0-301F-11D3-BF4B-00C04F79EFBC}") = "E-Commerce System APi", "E-Commerce System APi\E-Commerce System APi.csproj", "{87F9F43D-45B0-461F-8C0B-7A11A761D802}"
EndProject
Global
	GlobalSection(SolutionConfigurationPlatforms) = preSolution
		Debug|Any CPU = Debug|Any CPU
		Release|Any CPU = Release|Any CPU
	EndGlobalSection
	GlobalSection(ProjectConfigurationPlatforms) = postSolution
		{87F9F43D-45B0-461F-8C0B-7A11A761D802}.Debug|Any CPU.ActiveCfg = Debug|Any CPU
		{87F9F43D-45B0-461F-8C0B-7A11A761D802}.Debug|Any CPU.Build.0 = Debug|Any CPU
		{87F9F43D-45B0-461F-8C0B-7A11A761D802}.Release|Any CPU.ActiveCfg = Release|Any CPU
		{87F9F43D-45B0-461F-8C0B-7A11A761D802}.Release|Any CPU.Build.0 = Release|Any CPU
	EndGlobalSection
	GlobalSection(SolutionProperties) = preSolution
		HideSolutionNode = FALSE
	EndGlobalSection
	GlobalSection(ExtensibilityGlobals) = postSolution
		SolutionGuid = {740570F3-DD3C-4679-BCAB-8A3B1F9227EB}
	EndGlobalSection
EndGlobal
